
Microsoft Visual Studio Solution File, Format Version 12.00
# Visual Studio Version 17
VisualStudioVersion = 17.12.35728.132
MinimumVisualStudioVersion = 10.0.40219.1
Project("{FAE04EC0-301F-11D3-BF4B-00C04F79EFBC}") = "HTML2EXE Webview", "HTML2EXE_Webview\HTML2EXE Webview.csproj", "{198AE035-B665-434A-AED7-7627D5DAA7FB}"
EndProject
Project("{FAE04EC0-301F-11D3-BF4B-00C04F79EFBC}") = "HTML2EXE 2.0", "HTML2EXE 2.0\HTML2EXE 2.0.csproj", "{5C7C5973-626E-411D-812E-66D4CEDC28DF}"
EndProject
Global
	GlobalSection(SolutionConfigurationPlatforms) = preSolution
		Debug|Any CPU = Debug|Any CPU
		Release|Any CPU = Release|Any CPU
	EndGlobalSection
	GlobalSection(ProjectConfigurationPlatforms) = postSolution
		{198AE035-B665-434A-AED7-7627D5DAA7FB}.Debug|Any CPU.ActiveCfg = Debug|Any CPU
		{198AE035-B665-434A-AED7-7627D5DAA7FB}.Debug|Any CPU.Build.0 = Debug|Any CPU
		{198AE035-B665-434A-AED7-7627D5DAA7FB}.Release|Any CPU.ActiveCfg = Release|Any CPU
		{198AE035-B665-434A-AED7-7627D5DAA7FB}.Release|Any CPU.Build.0 = Release|Any CPU
		{5C7C5973-626E-411D-812E-66D4CEDC28DF}.Debug|Any CPU.ActiveCfg = Debug|Any CPU
		{5C7C5973-626E-411D-812E-66D4CEDC28DF}.Debug|Any CPU.Build.0 = Debug|Any CPU
		{5C7C5973-626E-411D-812E-66D4CEDC28DF}.Release|Any CPU.ActiveCfg = Release|Any CPU
		{5C7C5973-626E-411D-812E-66D4CEDC28DF}.Release|Any CPU.Build.0 = Release|Any CPU
	EndGlobalSection
	GlobalSection(SolutionProperties) = preSolution
		HideSolutionNode = FALSE
	EndGlobalSection
EndGlobal
